<?xml version="1.0" encoding="utf-8"?>
<Project ToolsVersion="4.0" xmlns="http://schemas.microsoft.com/developer/msbuild/2003">
  <ItemGroup>
    <Filter Include="Source Files">
      <UniqueIdentifier>{4FC737F1-C7A5-4376-A066-2A32D752A2FF}</UniqueIdentifier>
      <Extensions>cpp;c;cc;cxx;def;odl;idl;hpj;bat;asm;asmx</Extensions>
    </Filter>
    <Filter Include="Header Files">
      <UniqueIdentifier>{93995380-89BD-4b04-88EB-625FBE52EBFB}</UniqueIdentifier>
      <Extensions>h;hpp;hxx;hm;inl;inc;xsd</Extensions>
    </Filter>
    <Filter Include="Resource Files">
      <UniqueIdentifier>{67DA6AB6-F800-4c08-8B7A-83BB121AAD01}</UniqueIdentifier>
      <Extensions>rc;ico;cur;bmp;dlg;rc2;rct;bin;rgs;gif;jpg;jpeg;jpe;resx;tiff;tif;png;wav;mfcribbon-ms</Extensions>
    </Filter>
    <Filter Include="Header Files\Core">
      <UniqueIdentifier>{fb112382-cf06-42c3-bf8f-6d3b1371efad}</UniqueIdentifier>
    </Filter>
    <Filter Include="Header Files\Game">
      <UniqueIdentifier>{7465d868-d52f-4676-b987-2910dd69e87b}</UniqueIdentifier>
    </Filter>
    <Filter Include="Source Files\Game">
      <UniqueIdentifier>{fc84ba46-53e7-4c3b-ab94-89b7126ee33e}</UniqueIdentifier>
    </Filter>
    <Filter Include="Header Files\Game\Enemies">
      <UniqueIdentifier>{1fda5c1f-50d1-4c6b-8e71-eea06833b885}</UniqueIdentifier>
    </Filter>
    <Filter Include="Header Files\Core\Shapes">
      <UniqueIdentifier>{5c297ef4-99df-4628-be21-5e8b1ad3cb9d}</UniqueIdentifier>
    </Filter>
    <Filter Include="Source Files\Core">
      <UniqueIdentifier>{1da69a6b-4a87-4aa8-a6b9-970e112bcce7}</UniqueIdentifier>
    </Filter>
    <Filter Include="Source Files\Core\Shapes">
      <UniqueIdentifier>{89f964e6-3877-4d97-9d4b-e61d3e2322ef}</UniqueIdentifier>
    </Filter>
    <Filter Include="Header Files\Game\Shots">
      <UniqueIdentifier>{42b0c5f2-82fd-4363-960e-1d8eb051f251}</UniqueIdentifier>
    </Filter>
  </ItemGroup>
  <ItemGroup>
    <ClInclude Include="..\include\Core\Matrix.hpp">
      <Filter>Header Files\Core</Filter>
    </ClInclude>
    <ClInclude Include="..\include\macros.h">
      <Filter>Header Files</Filter>
    </ClInclude>
    <ClInclude Include="..\include\Core\matrix_functions.hpp">
      <Filter>Header Files\Core</Filter>
    </ClInclude>
    <ClInclude Include="..\include\Core\Vector.hpp">
      <Filter>Header Files\Core</Filter>
    </ClInclude>
    <ClInclude Include="..\include\Game\GameController.h">
      <Filter>Header Files\Game</Filter>
    </ClInclude>
    <ClInclude Include="..\include\Game\Enemy.h">
      <Filter>Header Files\Game\Enemies</Filter>
    </ClInclude>
    <ClInclude Include="..\include\Game\Ship.hpp">
      <Filter>Header Files\Game</Filter>
    </ClInclude>
    <ClInclude Include="..\include\Game\Player.h">
      <Filter>Header Files\Game</Filter>
    </ClInclude>
    <ClInclude Include="..\include\Core\ColShape.h">
      <Filter>Header Files\Core\Shapes</Filter>
    </ClInclude>
    <ClInclude Include="..\include\functions.hpp">
      <Filter>Header Files</Filter>
    </ClInclude>
    <ClInclude Include="..\include\Game\Shot.hpp">
      <Filter>Header Files\Game\Shots</Filter>
    </ClInclude>
    <ClInclude Include="..\include\Game\GameObject.hpp">
      <Filter>Header Files\Game</Filter>
    </ClInclude>
    <ClInclude Include="..\include\Game\TextureID.hpp">
      <Filter>Header Files\Game</Filter>
    </ClInclude>
  </ItemGroup>
  <ItemGroup>
    <ClCompile Include="main.cpp">
      <Filter>Source Files</Filter>
    </ClCompile>
    <ClCompile Include="..\src\Game\GameController.cpp">
      <Filter>Source Files\Game</Filter>
    </ClCompile>
    <ClCompile Include="..\src\Core\shape_functions.cpp">
      <Filter>Source Files\Core\Shapes</Filter>
    </ClCompile>
    <ClCompile Include="..\src\Game\Player.cpp">
      <Filter>Source Files\Game</Filter>
    </ClCompile>
    <ClCompile Include="..\src\Game\GameObject.cpp">
      <Filter>Source Files\Game</Filter>
    </ClCompile>
    <ClCompile Include="..\src\Game\Ship.cpp">
      <Filter>Source Files\Game</Filter>
    </ClCompile>
  </ItemGroup>
</Project>